// !$*UTF8*$!
{
	archiveVersion = 1;
	classes = {
	};
	objectVersion = 46;
	objects = {

/* Begin PBXBuildFile section */
		5B040B0E1F1232F5003E5667 /* JokerInfoListVC.swift in Sources */ = {isa = PBXBuildFile; fileRef = 5B040B0D1F1232F5003E5667 /* JokerInfoListVC.swift */; };
		5B31B6001F13316200CEA773 /* AccessManager.swift in Sources */ = {isa = PBXBuildFile; fileRef = 5B31B5FF1F13316200CEA773 /* AccessManager.swift */; };
		5B31B6021F1383C000CEA773 /* VideoPlayBtn.swift in Sources */ = {isa = PBXBuildFile; fileRef = 5B31B6011F1383C000CEA773 /* VideoPlayBtn.swift */; };
		5B31B6041F14BD2500CEA773 /* PostCrate.swift in Sources */ = {isa = PBXBuildFile; fileRef = 5B31B6031F14BD2500CEA773 /* PostCrate.swift */; };
		5B31B6061F14D28B00CEA773 /* PostSelectionVC.swift in Sources */ = {isa = PBXBuildFile; fileRef = 5B31B6051F14D28B00CEA773 /* PostSelectionVC.swift */; };
		5B31B6081F14DC9C00CEA773 /* PostSelectionCell.swift in Sources */ = {isa = PBXBuildFile; fileRef = 5B31B6071F14DC9C00CEA773 /* PostSelectionCell.swift */; };
		5B31B6DD1F14F38900CEA773 /* CustomSwipeCellKit.xcodeproj in Frameworks */ = {isa = PBXBuildFile; fileRef = 5B31B6B01F14F28E00CEA773 /* CustomSwipeCellKit.xcodeproj */; };
		5B31B6E21F14F3E600CEA773 /* CustomSwipeCellKit.framework in Embed Frameworks */ = {isa = PBXBuildFile; fileRef = 5B31B6B51F14F28F00CEA773 /* CustomSwipeCellKit.framework */; settings = {ATTRIBUTES = (CodeSignOnCopy, RemoveHeadersOnCopy, ); }; };
		5B31B6E91F152E7F00CEA773 /* CountDownView.swift in Sources */ = {isa = PBXBuildFile; fileRef = 5B31B6E81F152E7F00CEA773 /* CountDownView.swift */; };
		5B44BDB21F0B083500303D64 /* AppDelegate.swift in Sources */ = {isa = PBXBuildFile; fileRef = 5B44BDB11F0B083500303D64 /* AppDelegate.swift */; };
		5B44BDBA1F0B083500303D64 /* deepmind.xcdatamodeld in Sources */ = {isa = PBXBuildFile; fileRef = 5B44BDB81F0B083500303D64 /* deepmind.xcdatamodeld */; };
		5B44BDBC1F0B083500303D64 /* Assets.xcassets in Resources */ = {isa = PBXBuildFile; fileRef = 5B44BDBB1F0B083500303D64 /* Assets.xcassets */; };
		5B44BDBF1F0B083500303D64 /* LaunchScreen.storyboard in Resources */ = {isa = PBXBuildFile; fileRef = 5B44BDBD1F0B083500303D64 /* LaunchScreen.storyboard */; };
		5B44BDDF1F0B4DFD00303D64 /* Options.swift in Sources */ = {isa = PBXBuildFile; fileRef = 5B44BDDE1F0B4DFD00303D64 /* Options.swift */; };
		5B44BDE11F0B515400303D64 /* Settings.swift in Sources */ = {isa = PBXBuildFile; fileRef = 5B44BDE01F0B515400303D64 /* Settings.swift */; };
		5B44BDE31F0B564600303D64 /* LoginVC.swift in Sources */ = {isa = PBXBuildFile; fileRef = 5B44BDE21F0B564600303D64 /* LoginVC.swift */; };
		5B44BDE51F0B796700303D64 /* Colors.swift in Sources */ = {isa = PBXBuildFile; fileRef = 5B44BDE41F0B796700303D64 /* Colors.swift */; };
		5B44BDE71F0B809900303D64 /* Extensions.swift in Sources */ = {isa = PBXBuildFile; fileRef = 5B44BDE61F0B809900303D64 /* Extensions.swift */; };
		5B44BDE91F0B941400303D64 /* Alert.swift in Sources */ = {isa = PBXBuildFile; fileRef = 5B44BDE81F0B941400303D64 /* Alert.swift */; };
		5B44BDEB1F0C3D0B00303D64 /* MainFieldsTBC.swift in Sources */ = {isa = PBXBuildFile; fileRef = 5B44BDEA1F0C3D0B00303D64 /* MainFieldsTBC.swift */; };
		5B44BDED1F0C3FFA00303D64 /* PlayerRegisterVC.swift in Sources */ = {isa = PBXBuildFile; fileRef = 5B44BDEC1F0C3FFA00303D64 /* PlayerRegisterVC.swift */; };
		5B44BDEF1F0C41F300303D64 /* MemberRegisterVC.swift in Sources */ = {isa = PBXBuildFile; fileRef = 5B44BDEE1F0C41F300303D64 /* MemberRegisterVC.swift */; };
		5B44BDF11F0C420D00303D64 /* JokerRegisterVC.swift in Sources */ = {isa = PBXBuildFile; fileRef = 5B44BDF01F0C420D00303D64 /* JokerRegisterVC.swift */; };
		5B60AC701F10ACBB00AD965A /* ZoomImageView.swift in Sources */ = {isa = PBXBuildFile; fileRef = 5B60AC6F1F10ACBB00AD965A /* ZoomImageView.swift */; };
		5B63BE571F10E1C6002ED35B /* OutListVC.swift in Sources */ = {isa = PBXBuildFile; fileRef = 5B63BE561F10E1C6002ED35B /* OutListVC.swift */; };
		5B63BE591F10E613002ED35B /* TeamCell.swift in Sources */ = {isa = PBXBuildFile; fileRef = 5B63BE581F10E613002ED35B /* TeamCell.swift */; };
		5B63BE5B1F11143D002ED35B /* PlayerCell.swift in Sources */ = {isa = PBXBuildFile; fileRef = 5B63BE5A1F11143D002ED35B /* PlayerCell.swift */; };
		5B8D314F1F0C642F009D941E /* OutVC.swift in Sources */ = {isa = PBXBuildFile; fileRef = 5B8D314E1F0C642F009D941E /* OutVC.swift */; };
		5B8D31511F0C6655009D941E /* PostVC.swift in Sources */ = {isa = PBXBuildFile; fileRef = 5B8D31501F0C6655009D941E /* PostVC.swift */; };
		5B8D31531F0C666C009D941E /* TimerVC.swift in Sources */ = {isa = PBXBuildFile; fileRef = 5B8D31521F0C666C009D941E /* TimerVC.swift */; };
		5B8D31551F0C6770009D941E /* Enums.swift in Sources */ = {isa = PBXBuildFile; fileRef = 5B8D31541F0C6770009D941E /* Enums.swift */; };
		5BAF96C51F0F276F009FAEB1 /* JokerInfoRegisterCell.swift in Sources */ = {isa = PBXBuildFile; fileRef = 5BAF96C41F0F276F009FAEB1 /* JokerInfoRegisterCell.swift */; };
		5BAF96E81F0F59C7009FAEB1 /* ToolBarTitleItem.swift in Sources */ = {isa = PBXBuildFile; fileRef = 5BAF96E71F0F59C6009FAEB1 /* ToolBarTitleItem.swift */; };
		5BAF96EA1F0F644B009FAEB1 /* Player.swift in Sources */ = {isa = PBXBuildFile; fileRef = 5BAF96E91F0F644B009FAEB1 /* Player.swift */; };
		5BAF96EE1F0F8CA5009FAEB1 /* JokerInfoRegisterVC.swift in Sources */ = {isa = PBXBuildFile; fileRef = 5BAF96ED1F0F8CA5009FAEB1 /* JokerInfoRegisterVC.swift */; };
		5BC07D4A1F0C60B200D71F3A /* MapVC.swift in Sources */ = {isa = PBXBuildFile; fileRef = 5BC07D491F0C60B200D71F3A /* MapVC.swift */; };
		5BC07D4C1F0C60E900D71F3A /* Point.swift in Sources */ = {isa = PBXBuildFile; fileRef = 5BC07D4B1F0C60E900D71F3A /* Point.swift */; };
		5BFD0DF71F9A2C2E00BF480D /* BeaconInfo.swift in Sources */ = {isa = PBXBuildFile; fileRef = 5BFD0DF61F9A2C2E00BF480D /* BeaconInfo.swift */; };
		5BFD0DF91F9AD2A800BF480D /* WebViewController.swift in Sources */ = {isa = PBXBuildFile; fileRef = 5BFD0DF81F9AD2A800BF480D /* WebViewController.swift */; };
/* End PBXBuildFile section */

/* Begin PBXContainerItemProxy section */
		5B31B6B41F14F28F00CEA773 /* PBXContainerItemProxy */ = {
			isa = PBXContainerItemProxy;
			containerPortal = 5B31B6B01F14F28E00CEA773 /* CustomSwipeCellKit.xcodeproj */;
			proxyType = 2;
			remoteGlobalIDString = 5B31B6831F14F13D00CEA773;
			remoteInfo = CustomSwipeCellKit;
		};
		5B31B6E31F14F3E600CEA773 /* PBXContainerItemProxy */ = {
			isa = PBXContainerItemProxy;
			containerPortal = 5B31B6B01F14F28E00CEA773 /* CustomSwipeCellKit.xcodeproj */;
			proxyType = 1;
			remoteGlobalIDString = 5B31B6821F14F13D00CEA773;
			remoteInfo = CustomSwipeCellKit;
		};
/* End PBXContainerItemProxy section */

/* Begin PBXCopyFilesBuildPhase section */
		5B31B6E51F14F3E600CEA773 /* Embed Frameworks */ = {
			isa = PBXCopyFilesBuildPhase;
			buildActionMask = 2147483647;
			dstPath = "";
			dstSubfolderSpec = 10;
			files = (
				5B31B6E21F14F3E600CEA773 /* CustomSwipeCellKit.framework in Embed Frameworks */,
			);
			name = "Embed Frameworks";
			runOnlyForDeploymentPostprocessing = 0;
		};
/* End PBXCopyFilesBuildPhase section */

/* Begin PBXFileReference section */
		4FBD0B483DF7DF5351BEB0FD /* Pods-deepmind.debug.xcconfig */ = {isa = PBXFileReference; includeInIndex = 1; lastKnownFileType = text.xcconfig; name = "Pods-deepmind.debug.xcconfig"; path = "Pods/Target Support Files/Pods-deepmind/Pods-deepmind.debug.xcconfig"; sourceTree = "<group>"; };
		5B040B0D1F1232F5003E5667 /* JokerInfoListVC.swift */ = {isa = PBXFileReference; fileEncoding = 4; lastKnownFileType = sourcecode.swift; path = JokerInfoListVC.swift; sourceTree = "<group>"; };
		5B31B5FF1F13316200CEA773 /* AccessManager.swift */ = {isa = PBXFileReference; fileEncoding = 4; lastKnownFileType = sourcecode.swift; path = AccessManager.swift; sourceTree = "<group>"; };
		5B31B6011F1383C000CEA773 /* VideoPlayBtn.swift */ = {isa = PBXFileReference; fileEncoding = 4; lastKnownFileType = sourcecode.swift; path = VideoPlayBtn.swift; sourceTree = "<group>"; };
		5B31B6031F14BD2500CEA773 /* PostCrate.swift */ = {isa = PBXFileReference; fileEncoding = 4; lastKnownFileType = sourcecode.swift; path = PostCrate.swift; sourceTree = "<group>"; };
		5B31B6051F14D28B00CEA773 /* PostSelectionVC.swift */ = {isa = PBXFileReference; fileEncoding = 4; lastKnownFileType = sourcecode.swift; path = PostSelectionVC.swift; sourceTree = "<group>"; };
		5B31B6071F14DC9C00CEA773 /* PostSelectionCell.swift */ = {isa = PBXFileReference; fileEncoding = 4; lastKnownFileType = sourcecode.swift; path = PostSelectionCell.swift; sourceTree = "<group>"; };
		5B31B6B01F14F28E00CEA773 /* CustomSwipeCellKit.xcodeproj */ = {isa = PBXFileReference; lastKnownFileType = "wrapper.pb-project"; name = CustomSwipeCellKit.xcodeproj; path = deepmind/Libraries/CustomSwipeCellKit/CustomSwipeCellKit.xcodeproj; sourceTree = "<group>"; };
		5B31B6E81F152E7F00CEA773 /* CountDownView.swift */ = {isa = PBXFileReference; fileEncoding = 4; lastKnownFileType = sourcecode.swift; path = CountDownView.swift; sourceTree = "<group>"; };
		5B44BDAE1F0B083500303D64 /* deepmind.app */ = {isa = PBXFileReference; explicitFileType = wrapper.application; includeInIndex = 0; path = deepmind.app; sourceTree = BUILT_PRODUCTS_DIR; };
		5B44BDB11F0B083500303D64 /* AppDelegate.swift */ = {isa = PBXFileReference; lastKnownFileType = sourcecode.swift; path = AppDelegate.swift; sourceTree = "<group>"; };
		5B44BDB91F0B083500303D64 /* deepmind.xcdatamodel */ = {isa = PBXFileReference; lastKnownFileType = wrapper.xcdatamodel; path = deepmind.xcdatamodel; sourceTree = "<group>"; };
		5B44BDBB1F0B083500303D64 /* Assets.xcassets */ = {isa = PBXFileReference; lastKnownFileType = folder.assetcatalog; path = Assets.xcassets; sourceTree = "<group>"; };
		5B44BDBE1F0B083500303D64 /* Base */ = {isa = PBXFileReference; lastKnownFileType = file.storyboard; name = Base; path = Base.lproj/LaunchScreen.storyboard; sourceTree = "<group>"; };
		5B44BDC01F0B083500303D64 /* Info.plist */ = {isa = PBXFileReference; lastKnownFileType = text.plist.xml; path = Info.plist; sourceTree = "<group>"; };
		5B44BDDE1F0B4DFD00303D64 /* Options.swift */ = {isa = PBXFileReference; fileEncoding = 4; lastKnownFileType = sourcecode.swift; path = Options.swift; sourceTree = "<group>"; };
		5B44BDE01F0B515400303D64 /* Settings.swift */ = {isa = PBXFileReference; fileEncoding = 4; lastKnownFileType = sourcecode.swift; path = Settings.swift; sourceTree = "<group>"; };
		5B44BDE21F0B564600303D64 /* LoginVC.swift */ = {isa = PBXFileReference; fileEncoding = 4; lastKnownFileType = sourcecode.swift; path = LoginVC.swift; sourceTree = "<group>"; };
		5B44BDE41F0B796700303D64 /* Colors.swift */ = {isa = PBXFileReference; fileEncoding = 4; lastKnownFileType = sourcecode.swift; path = Colors.swift; sourceTree = "<group>"; };
		5B44BDE61F0B809900303D64 /* Extensions.swift */ = {isa = PBXFileReference; fileEncoding = 4; lastKnownFileType = sourcecode.swift; path = Extensions.swift; sourceTree = "<group>"; };
		5B44BDE81F0B941400303D64 /* Alert.swift */ = {isa = PBXFileReference; fileEncoding = 4; lastKnownFileType = sourcecode.swift; path = Alert.swift; sourceTree = "<group>"; };
		5B44BDEA1F0C3D0B00303D64 /* MainFieldsTBC.swift */ = {isa = PBXFileReference; fileEncoding = 4; lastKnownFileType = sourcecode.swift; path = MainFieldsTBC.swift; sourceTree = "<group>"; };
		5B44BDEC1F0C3FFA00303D64 /* PlayerRegisterVC.swift */ = {isa = PBXFileReference; fileEncoding = 4; lastKnownFileType = sourcecode.swift; path = PlayerRegisterVC.swift; sourceTree = "<group>"; };
		5B44BDEE1F0C41F300303D64 /* MemberRegisterVC.swift */ = {isa = PBXFileReference; fileEncoding = 4; lastKnownFileType = sourcecode.swift; path = MemberRegisterVC.swift; sourceTree = "<group>"; };
		5B44BDF01F0C420D00303D64 /* JokerRegisterVC.swift */ = {isa = PBXFileReference; fileEncoding = 4; lastKnownFileType = sourcecode.swift; path = JokerRegisterVC.swift; sourceTree = "<group>"; };
		5B60AC6F1F10ACBB00AD965A /* ZoomImageView.swift */ = {isa = PBXFileReference; fileEncoding = 4; lastKnownFileType = sourcecode.swift; path = ZoomImageView.swift; sourceTree = "<group>"; };
		5B63BE561F10E1C6002ED35B /* OutListVC.swift */ = {isa = PBXFileReference; fileEncoding = 4; lastKnownFileType = sourcecode.swift; path = OutListVC.swift; sourceTree = "<group>"; };
		5B63BE581F10E613002ED35B /* TeamCell.swift */ = {isa = PBXFileReference; fileEncoding = 4; lastKnownFileType = sourcecode.swift; path = TeamCell.swift; sourceTree = "<group>"; };
		5B63BE5A1F11143D002ED35B /* PlayerCell.swift */ = {isa = PBXFileReference; fileEncoding = 4; lastKnownFileType = sourcecode.swift; path = PlayerCell.swift; sourceTree = "<group>"; };
		5B86AECC1F95E38000BFB4CA /* ObjCBridge.h */ = {isa = PBXFileReference; lastKnownFileType = sourcecode.c.h; path = ObjCBridge.h; sourceTree = "<group>"; };
		5B8D314E1F0C642F009D941E /* OutVC.swift */ = {isa = PBXFileReference; fileEncoding = 4; lastKnownFileType = sourcecode.swift; path = OutVC.swift; sourceTree = "<group>"; };
		5B8D31501F0C6655009D941E /* PostVC.swift */ = {isa = PBXFileReference; fileEncoding = 4; lastKnownFileType = sourcecode.swift; path = PostVC.swift; sourceTree = "<group>"; };
		5B8D31521F0C666C009D941E /* TimerVC.swift */ = {isa = PBXFileReference; fileEncoding = 4; lastKnownFileType = sourcecode.swift; path = TimerVC.swift; sourceTree = "<group>"; };
		5B8D31541F0C6770009D941E /* Enums.swift */ = {isa = PBXFileReference; fileEncoding = 4; lastKnownFileType = sourcecode.swift; path = Enums.swift; sourceTree = "<group>"; };
		5BAF96C41F0F276F009FAEB1 /* JokerInfoRegisterCell.swift */ = {isa = PBXFileReference; fileEncoding = 4; lastKnownFileType = sourcecode.swift; path = JokerInfoRegisterCell.swift; sourceTree = "<group>"; };
		5BAF96E71F0F59C6009FAEB1 /* ToolBarTitleItem.swift */ = {isa = PBXFileReference; fileEncoding = 4; lastKnownFileType = sourcecode.swift; path = ToolBarTitleItem.swift; sourceTree = "<group>"; };
		5BAF96E91F0F644B009FAEB1 /* Player.swift */ = {isa = PBXFileReference; fileEncoding = 4; lastKnownFileType = sourcecode.swift; path = Player.swift; sourceTree = "<group>"; };
		5BAF96ED1F0F8CA5009FAEB1 /* JokerInfoRegisterVC.swift */ = {isa = PBXFileReference; fileEncoding = 4; lastKnownFileType = sourcecode.swift; path = JokerInfoRegisterVC.swift; sourceTree = "<group>"; };
		5BC07D491F0C60B200D71F3A /* MapVC.swift */ = {isa = PBXFileReference; fileEncoding = 4; lastKnownFileType = sourcecode.swift; path = MapVC.swift; sourceTree = "<group>"; };
		5BC07D4B1F0C60E900D71F3A /* Point.swift */ = {isa = PBXFileReference; fileEncoding = 4; lastKnownFileType = sourcecode.swift; path = Point.swift; sourceTree = "<group>"; };
		5BFD0DF61F9A2C2E00BF480D /* BeaconInfo.swift */ = {isa = PBXFileReference; fileEncoding = 4; lastKnownFileType = sourcecode.swift; path = BeaconInfo.swift; sourceTree = "<group>"; };
		5BFD0DF81F9AD2A800BF480D /* WebViewController.swift */ = {isa = PBXFileReference; fileEncoding = 4; lastKnownFileType = sourcecode.swift; path = WebViewController.swift; sourceTree = "<group>"; };
		BF0102E01112BE8088E58024 /* Pods-deepmind.release.xcconfig */ = {isa = PBXFileReference; includeInIndex = 1; lastKnownFileType = text.xcconfig; name = "Pods-deepmind.release.xcconfig"; path = "Pods/Target Support Files/Pods-deepmind/Pods-deepmind.release.xcconfig"; sourceTree = "<group>"; };
/* End PBXFileReference section */

/* Begin PBXFrameworksBuildPhase section */
		5B44BDAB1F0B083500303D64 /* Frameworks */ = {
			isa = PBXFrameworksBuildPhase;
			buildActionMask = 2147483647;
			files = (
				5B31B6DD1F14F38900CEA773 /* CustomSwipeCellKit.xcodeproj in Frameworks */,
			);
			runOnlyForDeploymentPostprocessing = 0;
		};
/* End PBXFrameworksBuildPhase section */

/* Begin PBXGroup section */
		5A21A02665047008D935A3E9 /* Frameworks */ = {
			isa = PBXGroup;
			children = (
				5B31B6B01F14F28E00CEA773 /* CustomSwipeCellKit.xcodeproj */,
			);
			name = Frameworks;
			sourceTree = "<group>";
		};
		5B31B6B11F14F28E00CEA773 /* Products */ = {
			isa = PBXGroup;
			children = (
				5B31B6B51F14F28F00CEA773 /* CustomSwipeCellKit.framework */,
			);
			name = Products;
			sourceTree = "<group>";
		};
		5B44BDA51F0B083500303D64 = {
			isa = PBXGroup;
			children = (
				5A21A02665047008D935A3E9 /* Frameworks */,
				5E654826DB46E8727E71A398 /* Pods */,
				5B44BDAF1F0B083500303D64 /* Products */,
				5B44BDB01F0B083500303D64 /* deepmind */,
			);
			sourceTree = "<group>";
		};
		5B44BDAF1F0B083500303D64 /* Products */ = {
			isa = PBXGroup;
			children = (
				5B44BDAE1F0B083500303D64 /* deepmind.app */,
			);
			name = Products;
			sourceTree = "<group>";
		};
		5B44BDB01F0B083500303D64 /* deepmind */ = {
			isa = PBXGroup;
			children = (
				5B44BDCE1F0B49D500303D64 /* Application */,
				5B44BDCF1F0B49E100303D64 /* Assets */,
				5B44BDD91F0B4A6E00303D64 /* Helpers */,
				5B44BDCD1F0B49CA00303D64 /* Models */,
				5B44BDB11F0B083500303D64 /* AppDelegate.swift */,
				5B44BDBB1F0B083500303D64 /* Assets.xcassets */,
				5B44BDC01F0B083500303D64 /* Info.plist */,
				5B44BDBD1F0B083500303D64 /* LaunchScreen.storyboard */,
				5B44BDB81F0B083500303D64 /* deepmind.xcdatamodeld */,
				5B86AECC1F95E38000BFB4CA /* ObjCBridge.h */,
			);
			path = deepmind;
			sourceTree = "<group>";
		};
		5B44BDCD1F0B49CA00303D64 /* Models */ = {
			isa = PBXGroup;
			children = (
				5B44BDDE1F0B4DFD00303D64 /* Options.swift */,
				5BAF96E91F0F644B009FAEB1 /* Player.swift */,
				5B31B6031F14BD2500CEA773 /* PostCrate.swift */,
				5B44BDE01F0B515400303D64 /* Settings.swift */,
				5BFD0DF61F9A2C2E00BF480D /* BeaconInfo.swift */,
			);
			path = Models;
			sourceTree = "<group>";
		};
		5B44BDCE1F0B49D500303D64 /* Application */ = {
			isa = PBXGroup;
			children = (
				5B44BDDA1F0B4D2E00303D64 /* Entrance */,
				5B44BDDB1F0B4D3300303D64 /* MainFields */,
			);
			path = Application;
			sourceTree = "<group>";
		};
		5B44BDCF1F0B49E100303D64 /* Assets */ = {
			isa = PBXGroup;
			children = (
			);
			path = Assets;
			sourceTree = "<group>";
		};
		5B44BDD11F0B4A0C00303D64 /* Login */ = {
			isa = PBXGroup;
			children = (
				5B44BDE21F0B564600303D64 /* LoginVC.swift */,
			);
			path = Login;
			sourceTree = "<group>";
		};
		5B44BDD21F0B4A1A00303D64 /* Registers */ = {
			isa = PBXGroup;
			children = (
				5BAF96C41F0F276F009FAEB1 /* JokerInfoRegisterCell.swift */,
				5BAF96ED1F0F8CA5009FAEB1 /* JokerInfoRegisterVC.swift */,
				5B44BDF01F0C420D00303D64 /* JokerRegisterVC.swift */,
				5B44BDEE1F0C41F300303D64 /* MemberRegisterVC.swift */,
				5B44BDEC1F0C3FFA00303D64 /* PlayerRegisterVC.swift */,
				5BAF96E71F0F59C6009FAEB1 /* ToolBarTitleItem.swift */,
			);
			path = Registers;
			sourceTree = "<group>";
		};
		5B44BDD31F0B4A1E00303D64 /* Map */ = {
			isa = PBXGroup;
			children = (
				5BC07D491F0C60B200D71F3A /* MapVC.swift */,
			);
			path = Map;
			sourceTree = "<group>";
		};
		5B44BDD41F0B4A2B00303D64 /* Point */ = {
			isa = PBXGroup;
			children = (
				5BC07D4B1F0C60E900D71F3A /* Point.swift */,
			);
			path = Point;
			sourceTree = "<group>";
		};
		5B44BDD51F0B4A3000303D64 /* Out */ = {
			isa = PBXGroup;
			children = (
				5B040B0D1F1232F5003E5667 /* JokerInfoListVC.swift */,
				5B63BE561F10E1C6002ED35B /* OutListVC.swift */,
				5B8D314E1F0C642F009D941E /* OutVC.swift */,
				5B63BE5A1F11143D002ED35B /* PlayerCell.swift */,
				5B63BE581F10E613002ED35B /* TeamCell.swift */,
			);
			path = Out;
			sourceTree = "<group>";
		};
		5B44BDD61F0B4A3500303D64 /* Posts */ = {
			isa = PBXGroup;
			children = (
				5B31B6071F14DC9C00CEA773 /* PostSelectionCell.swift */,
				5B31B6051F14D28B00CEA773 /* PostSelectionVC.swift */,
				5B8D31501F0C6655009D941E /* PostVC.swift */,
				5B31B6011F1383C000CEA773 /* VideoPlayBtn.swift */,
			);
			path = Posts;
			sourceTree = "<group>";
		};
		5B44BDD71F0B4A3E00303D64 /* Timer */ = {
			isa = PBXGroup;
			children = (
				5B31B6E81F152E7F00CEA773 /* CountDownView.swift */,
				5B8D31521F0C666C009D941E /* TimerVC.swift */,
			);
			path = Timer;
			sourceTree = "<group>";
		};
		5B44BDD91F0B4A6E00303D64 /* Helpers */ = {
			isa = PBXGroup;
			children = (
				5B31B5FF1F13316200CEA773 /* AccessManager.swift */,
				5B44BDE81F0B941400303D64 /* Alert.swift */,
				5B44BDE41F0B796700303D64 /* Colors.swift */,
				5B8D31541F0C6770009D941E /* Enums.swift */,
				5B44BDE61F0B809900303D64 /* Extensions.swift */,
				5B60AC6F1F10ACBB00AD965A /* ZoomImageView.swift */,
			);
			path = Helpers;
			sourceTree = "<group>";
		};
		5B44BDDA1F0B4D2E00303D64 /* Entrance */ = {
			isa = PBXGroup;
			children = (
				5B44BDD11F0B4A0C00303D64 /* Login */,
				5B44BDD21F0B4A1A00303D64 /* Registers */,
			);
			path = Entrance;
			sourceTree = "<group>";
		};
		5B44BDDB1F0B4D3300303D64 /* MainFields */ = {
			isa = PBXGroup;
			children = (
				5B44BDD31F0B4A1E00303D64 /* Map */,
				5B44BDD51F0B4A3000303D64 /* Out */,
				5B44BDD41F0B4A2B00303D64 /* Point */,
				5B44BDD61F0B4A3500303D64 /* Posts */,
				5B44BDD71F0B4A3E00303D64 /* Timer */,
				5B44BDEA1F0C3D0B00303D64 /* MainFieldsTBC.swift */,
				5BFD0DF81F9AD2A800BF480D /* WebViewController.swift */,
			);
			path = MainFields;
			sourceTree = "<group>";
		};
		5E654826DB46E8727E71A398 /* Pods */ = {
			isa = PBXGroup;
			children = (
				4FBD0B483DF7DF5351BEB0FD /* Pods-deepmind.debug.xcconfig */,
				BF0102E01112BE8088E58024 /* Pods-deepmind.release.xcconfig */,
			);
			name = Pods;
			sourceTree = "<group>";
		};
/* End PBXGroup section */

/* Begin PBXNativeTarget section */
		5B44BDAD1F0B083500303D64 /* deepmind */ = {
			isa = PBXNativeTarget;
			buildConfigurationList = 5B44BDC31F0B083500303D64 /* Build configuration list for PBXNativeTarget "deepmind" */;
			buildPhases = (
				59C8D00D8145A0F6AE121C3B /* [CP] Check Pods Manifest.lock */,
				5B44BDAA1F0B083500303D64 /* Sources */,
				5B44BDAB1F0B083500303D64 /* Frameworks */,
				5B44BDAC1F0B083500303D64 /* Resources */,
				CBC9215EF61B2C108B8A535B /* [CP] Embed Pods Frameworks */,
				0E16F8AE727DCA9D4ED9DF9D /* [CP] Copy Pods Resources */,
				5B31B6E51F14F3E600CEA773 /* Embed Frameworks */,
			);
			buildRules = (
			);
			dependencies = (
				5B31B6E41F14F3E600CEA773 /* PBXTargetDependency */,
			);
			name = deepmind;
			productName = deepmind;
			productReference = 5B44BDAE1F0B083500303D64 /* deepmind.app */;
			productType = "com.apple.product-type.application";
		};
/* End PBXNativeTarget section */

/* Begin PBXProject section */
		5B44BDA61F0B083500303D64 /* Project object */ = {
			isa = PBXProject;
			attributes = {
				LastSwiftUpdateCheck = 0820;
				LastUpgradeCheck = 0820;
				ORGANIZATIONNAME = mac88;
				TargetAttributes = {
					5B44BDAD1F0B083500303D64 = {
						CreatedOnToolsVersion = 8.2.1;
						DevelopmentTeam = AEZ7S3NK3S;
						ProvisioningStyle = Automatic;
					};
				};
			};
			buildConfigurationList = 5B44BDA91F0B083500303D64 /* Build configuration list for PBXProject "deepmind" */;
			compatibilityVersion = "Xcode 3.2";
			developmentRegion = English;
			hasScannedForEncodings = 0;
			knownRegions = (
				en,
				Base,
			);
			mainGroup = 5B44BDA51F0B083500303D64;
			productRefGroup = 5B44BDAF1F0B083500303D64 /* Products */;
			projectDirPath = "";
			projectReferences = (
				{
					ProductGroup = 5B31B6B11F14F28E00CEA773 /* Products */;
					ProjectRef = 5B31B6B01F14F28E00CEA773 /* CustomSwipeCellKit.xcodeproj */;
				},
			);
			projectRoot = "";
			targets = (
				5B44BDAD1F0B083500303D64 /* deepmind */,
			);
		};
/* End PBXProject section */

/* Begin PBXReferenceProxy section */
		5B31B6B51F14F28F00CEA773 /* CustomSwipeCellKit.framework */ = {
			isa = PBXReferenceProxy;
			fileType = wrapper.framework;
			path = CustomSwipeCellKit.framework;
			remoteRef = 5B31B6B41F14F28F00CEA773 /* PBXContainerItemProxy */;
			sourceTree = BUILT_PRODUCTS_DIR;
		};
/* End PBXReferenceProxy section */

/* Begin PBXResourcesBuildPhase section */
		5B44BDAC1F0B083500303D64 /* Resources */ = {
			isa = PBXResourcesBuildPhase;
			buildActionMask = 2147483647;
			files = (
				5B44BDBF1F0B083500303D64 /* LaunchScreen.storyboard in Resources */,
				5B44BDBC1F0B083500303D64 /* Assets.xcassets in Resources */,
			);
			runOnlyForDeploymentPostprocessing = 0;
		};
/* End PBXResourcesBuildPhase section */

/* Begin PBXShellScriptBuildPhase section */
		0E16F8AE727DCA9D4ED9DF9D /* [CP] Copy Pods Resources */ = {
			isa = PBXShellScriptBuildPhase;
			buildActionMask = 2147483647;
			files = (
			);
			inputPaths = (
			);
			name = "[CP] Copy Pods Resources";
			outputPaths = (
			);
			runOnlyForDeploymentPostprocessing = 0;
			shellPath = /bin/sh;
			shellScript = "\"${SRCROOT}/Pods/Target Support Files/Pods-deepmind/Pods-deepmind-resources.sh\"\n";
			showEnvVarsInLog = 0;
		};
		59C8D00D8145A0F6AE121C3B /* [CP] Check Pods Manifest.lock */ = {
			isa = PBXShellScriptBuildPhase;
			buildActionMask = 2147483647;
			files = (
			);
			inputPaths = (
			);
			name = "[CP] Check Pods Manifest.lock";
			outputPaths = (
			);
			runOnlyForDeploymentPostprocessing = 0;
			shellPath = /bin/sh;
			shellScript = "diff \"${PODS_PODFILE_DIR_PATH}/Podfile.lock\" \"${PODS_ROOT}/Manifest.lock\" > /dev/null\nif [ $? != 0 ] ; then\n    # print error to STDERR\n    echo \"error: The sandbox is not in sync with the Podfile.lock. Run 'pod install' or update your CocoaPods installation.\" >&2\n    exit 1\nfi\n";
			showEnvVarsInLog = 0;
		};
		CBC9215EF61B2C108B8A535B /* [CP] Embed Pods Frameworks */ = {
			isa = PBXShellScriptBuildPhase;
			buildActionMask = 2147483647;
			files = (
			);
			inputPaths = (
			);
			name = "[CP] Embed Pods Frameworks";
			outputPaths = (
			);
			runOnlyForDeploymentPostprocessing = 0;
			shellPath = /bin/sh;
			shellScript = "\"${SRCROOT}/Pods/Target Support Files/Pods-deepmind/Pods-deepmind-frameworks.sh\"\n";
			showEnvVarsInLog = 0;
		};
/* End PBXShellScriptBuildPhase section */

/* Begin PBXSourcesBuildPhase section */
		5B44BDAA1F0B083500303D64 /* Sources */ = {
			isa = PBXSourcesBuildPhase;
			buildActionMask = 2147483647;
			files = (
				5BAF96EA1F0F644B009FAEB1 /* Player.swift in Sources */,
				5B8D31531F0C666C009D941E /* TimerVC.swift in Sources */,
				5BAF96EE1F0F8CA5009FAEB1 /* JokerInfoRegisterVC.swift in Sources */,
				5B44BDDF1F0B4DFD00303D64 /* Options.swift in Sources */,
				5B44BDF11F0C420D00303D64 /* JokerRegisterVC.swift in Sources */,
				5BC07D4A1F0C60B200D71F3A /* MapVC.swift in Sources */,
				5B44BDE51F0B796700303D64 /* Colors.swift in Sources */,
				5B31B6041F14BD2500CEA773 /* PostCrate.swift in Sources */,
				5B63BE571F10E1C6002ED35B /* OutListVC.swift in Sources */,
				5B44BDE31F0B564600303D64 /* LoginVC.swift in Sources */,
				5B60AC701F10ACBB00AD965A /* ZoomImageView.swift in Sources */,
				5B31B6001F13316200CEA773 /* AccessManager.swift in Sources */,
				5B44BDEB1F0C3D0B00303D64 /* MainFieldsTBC.swift in Sources */,
				5B44BDBA1F0B083500303D64 /* deepmind.xcdatamodeld in Sources */,
				5B31B6061F14D28B00CEA773 /* PostSelectionVC.swift in Sources */,
				5B63BE5B1F11143D002ED35B /* PlayerCell.swift in Sources */,
				5B63BE591F10E613002ED35B /* TeamCell.swift in Sources */,
				5BAF96C51F0F276F009FAEB1 /* JokerInfoRegisterCell.swift in Sources */,
				5BFD0DF91F9AD2A800BF480D /* WebViewController.swift in Sources */,
				5B31B6081F14DC9C00CEA773 /* PostSelectionCell.swift in Sources */,
				5BC07D4C1F0C60E900D71F3A /* Point.swift in Sources */,
				5B040B0E1F1232F5003E5667 /* JokerInfoListVC.swift in Sources */,
				5B44BDB21F0B083500303D64 /* AppDelegate.swift in Sources */,
				5B44BDEF1F0C41F300303D64 /* MemberRegisterVC.swift in Sources */,
				5BFD0DF71F9A2C2E00BF480D /* BeaconInfo.swift in Sources */,
				5B8D31511F0C6655009D941E /* PostVC.swift in Sources */,
				5B44BDED1F0C3FFA00303D64 /* PlayerRegisterVC.swift in Sources */,
				5B8D314F1F0C642F009D941E /* OutVC.swift in Sources */,
				5BAF96E81F0F59C7009FAEB1 /* ToolBarTitleItem.swift in Sources */,
				5B44BDE11F0B515400303D64 /* Settings.swift in Sources */,
				5B44BDE91F0B941400303D64 /* Alert.swift in Sources */,
				5B31B6021F1383C000CEA773 /* VideoPlayBtn.swift in Sources */,
				5B8D31551F0C6770009D941E /* Enums.swift in Sources */,
				5B44BDE71F0B809900303D64 /* Extensions.swift in Sources */,
				5B31B6E91F152E7F00CEA773 /* CountDownView.swift in Sources */,
			);
			runOnlyForDeploymentPostprocessing = 0;
		};
/* End PBXSourcesBuildPhase section */

/* Begin PBXTargetDependency section */
		5B31B6E41F14F3E600CEA773 /* PBXTargetDependency */ = {
			isa = PBXTargetDependency;
			name = CustomSwipeCellKit;
			targetProxy = 5B31B6E31F14F3E600CEA773 /* PBXContainerItemProxy */;
		};
/* End PBXTargetDependency section */

/* Begin PBXVariantGroup section */
		5B44BDBD1F0B083500303D64 /* LaunchScreen.storyboard */ = {
			isa = PBXVariantGroup;
			children = (
				5B44BDBE1F0B083500303D64 /* Base */,
			);
			name = LaunchScreen.storyboard;
			path = .;
			sourceTree = "<group>";
		};
/* End PBXVariantGroup section */

/* Begin XCBuildConfiguration section */
		5B44BDC11F0B083500303D64 /* Debug */ = {
			isa = XCBuildConfiguration;
			buildSettings = {
				ALWAYS_SEARCH_USER_PATHS = NO;
				CLANG_ANALYZER_NONNULL = YES;
				CLANG_CXX_LANGUAGE_STANDARD = "gnu++0x";
				CLANG_CXX_LIBRARY = "libc++";
				CLANG_ENABLE_MODULES = YES;
				CLANG_ENABLE_OBJC_ARC = YES;
				CLANG_WARN_BOOL_CONVERSION = YES;
				CLANG_WARN_CONSTANT_CONVERSION = YES;
				CLANG_WARN_DIRECT_OBJC_ISA_USAGE = YES_ERROR;
				CLANG_WARN_DOCUMENTATION_COMMENTS = YES;
				CLANG_WARN_EMPTY_BODY = YES;
				CLANG_WARN_ENUM_CONVERSION = YES;
				CLANG_WARN_INFINITE_RECURSION = YES;
				CLANG_WARN_INT_CONVERSION = YES;
				CLANG_WARN_OBJC_ROOT_CLASS = YES_ERROR;
				CLANG_WARN_SUSPICIOUS_MOVE = YES;
				CLANG_WARN_UNREACHABLE_CODE = YES;
				CLANG_WARN__DUPLICATE_METHOD_MATCH = YES;
				"CODE_SIGN_IDENTITY[sdk=iphoneos*]" = "iPhone Developer";
				COPY_PHASE_STRIP = NO;
				DEBUG_INFORMATION_FORMAT = dwarf;
				ENABLE_STRICT_OBJC_MSGSEND = YES;
				ENABLE_TESTABILITY = YES;
				GCC_C_LANGUAGE_STANDARD = gnu99;
				GCC_DYNAMIC_NO_PIC = NO;
				GCC_NO_COMMON_BLOCKS = YES;
				GCC_OPTIMIZATION_LEVEL = 0;
				GCC_PREPROCESSOR_DEFINITIONS = (
					"DEBUG=1",
					"$(inherited)",
				);
				GCC_WARN_64_TO_32_BIT_CONVERSION = YES;
				GCC_WARN_ABOUT_RETURN_TYPE = YES_ERROR;
				GCC_WARN_UNDECLARED_SELECTOR = YES;
				GCC_WARN_UNINITIALIZED_AUTOS = YES_AGGRESSIVE;
				GCC_WARN_UNUSED_FUNCTION = YES;
				GCC_WARN_UNUSED_VARIABLE = YES;
				IPHONEOS_DEPLOYMENT_TARGET = 9.0;
				MTL_ENABLE_DEBUG_INFO = YES;
				ONLY_ACTIVE_ARCH = YES;
				SDKROOT = iphoneos;
				SWIFT_ACTIVE_COMPILATION_CONDITIONS = DEBUG;
				SWIFT_OPTIMIZATION_LEVEL = "-Onone";
			};
			name = Debug;
		};
		5B44BDC21F0B083500303D64 /* Release */ = {
			isa = XCBuildConfiguration;
			buildSettings = {
				ALWAYS_SEARCH_USER_PATHS = NO;
				CLANG_ANALYZER_NONNULL = YES;
				CLANG_CXX_LANGUAGE_STANDARD = "gnu++0x";
				CLANG_CXX_LIBRARY = "libc++";
				CLANG_ENABLE_MODULES = YES;
				CLANG_ENABLE_OBJC_ARC = YES;
				CLANG_WARN_BOOL_CONVERSION = YES;
				CLANG_WARN_CONSTANT_CONVERSION = YES;
				CLANG_WARN_DIRECT_OBJC_ISA_USAGE = YES_ERROR;
				CLANG_WARN_DOCUMENTATION_COMMENTS = YES;
				CLANG_WARN_EMPTY_BODY = YES;
				CLANG_WARN_ENUM_CONVERSION = YES;
				CLANG_WARN_INFINITE_RECURSION = YES;
				CLANG_WARN_INT_CONVERSION = YES;
				CLANG_WARN_OBJC_ROOT_CLASS = YES_ERROR;
				CLANG_WARN_SUSPICIOUS_MOVE = YES;
				CLANG_WARN_UNREACHABLE_CODE = YES;
				CLANG_WARN__DUPLICATE_METHOD_MATCH = YES;
				"CODE_SIGN_IDENTITY[sdk=iphoneos*]" = "iPhone Developer";
				COPY_PHASE_STRIP = NO;
				DEBUG_INFORMATION_FORMAT = "dwarf-with-dsym";
				ENABLE_NS_ASSERTIONS = NO;
				ENABLE_STRICT_OBJC_MSGSEND = YES;
				GCC_C_LANGUAGE_STANDARD = gnu99;
				GCC_NO_COMMON_BLOCKS = YES;
				GCC_WARN_64_TO_32_BIT_CONVERSION = YES;
				GCC_WARN_ABOUT_RETURN_TYPE = YES_ERROR;
				GCC_WARN_UNDECLARED_SELECTOR = YES;
				GCC_WARN_UNINITIALIZED_AUTOS = YES_AGGRESSIVE;
				GCC_WARN_UNUSED_FUNCTION = YES;
				GCC_WARN_UNUSED_VARIABLE = YES;
				IPHONEOS_DEPLOYMENT_TARGET = 9.0;
				MTL_ENABLE_DEBUG_INFO = NO;
				SDKROOT = iphoneos;
				SWIFT_OPTIMIZATION_LEVEL = "-Owholemodule";
				VALIDATE_PRODUCT = YES;
			};
			name = Release;
		};
		5B44BDC41F0B083500303D64 /* Debug */ = {
			isa = XCBuildConfiguration;
			baseConfigurationReference = 4FBD0B483DF7DF5351BEB0FD /* Pods-deepmind.debug.xcconfig */;
			buildSettings = {
				ALWAYS_EMBED_SWIFT_STANDARD_LIBRARIES = YES;
				ASSETCATALOG_COMPILER_APPICON_NAME = AppIcon;
				DEVELOPMENT_TEAM = AEZ7S3NK3S;
				FRAMEWORK_SEARCH_PATHS = (
					"$(inherited)",
					"$(PROJECT_DIR)/deepmind/Libraries/Estimote",
				);
				INFOPLIST_FILE = deepmind/Info.plist;
				IPHONEOS_DEPLOYMENT_TARGET = 9.0;
				LD_RUNPATH_SEARCH_PATHS = "$(inherited) @executable_path/Frameworks";
				PRODUCT_BUNDLE_IDENTIFIER = simpli.co.kr.deepmind;
				PRODUCT_NAME = "$(TARGET_NAME)";
				SWIFT_OBJC_BRIDGING_HEADER = "${PROJECT_NAME}/ObjCBridge.h";
				SWIFT_VERSION = 3.0;
			};
			name = Debug;
		};
		5B44BDC51F0B083500303D64 /* Release */ = {
			isa = XCBuildConfiguration;
			baseConfigurationReference = BF0102E01112BE8088E58024 /* Pods-deepmind.release.xcconfig */;
			buildSettings = {
				ALWAYS_EMBED_SWIFT_STANDARD_LIBRARIES = YES;
				ASSETCATALOG_COMPILER_APPICON_NAME = AppIcon;
				DEVELOPMENT_TEAM = AEZ7S3NK3S;
				FRAMEWORK_SEARCH_PATHS = (
					"$(inherited)",
					"$(PROJECT_DIR)/deepmind/Libraries/Estimote",
				);
				INFOPLIST_FILE = deepmind/Info.plist;
				IPHONEOS_DEPLOYMENT_TARGET = 9.0;
				LD_RUNPATH_SEARCH_PATHS = "$(inherited) @executable_path/Frameworks";
				PRODUCT_BUNDLE_IDENTIFIER = simpli.co.kr.deepmind;
				PRODUCT_NAME = "$(TARGET_NAME)";
				SWIFT_OBJC_BRIDGING_HEADER = "${PROJECT_NAME}/ObjCBridge.h";
				SWIFT_VERSION = 3.0;
			};
			name = Release;
		};
/* End XCBuildConfiguration section */

/* Begin XCConfigurationList section */
		5B44BDA91F0B083500303D64 /* Build configuration list for PBXProject "deepmind" */ = {
			isa = XCConfigurationList;
			buildConfigurations = (
				5B44BDC11F0B083500303D64 /* Debug */,
				5B44BDC21F0B083500303D64 /* Release */,
			);
			defaultConfigurationIsVisible = 0;
			defaultConfigurationName = Release;
		};
		5B44BDC31F0B083500303D64 /* Build configuration list for PBXNativeTarget "deepmind" */ = {
			isa = XCConfigurationList;
			buildConfigurations = (
				5B44BDC41F0B083500303D64 /* Debug */,
				5B44BDC51F0B083500303D64 /* Release */,
			);
			defaultConfigurationIsVisible = 0;
			defaultConfigurationName = Release;
		};
/* End XCConfigurationList section */

/* Begin XCVersionGroup section */
		5B44BDB81F0B083500303D64 /* deepmind.xcdatamodeld */ = {
			isa = XCVersionGroup;
			children = (
				5B44BDB91F0B083500303D64 /* deepmind.xcdatamodel */,
			);
			currentVersion = 5B44BDB91F0B083500303D64 /* deepmind.xcdatamodel */;
			path = deepmind.xcdatamodeld;
			sourceTree = "<group>";
			versionGroupType = wrapper.xcdatamodel;
		};
/* End XCVersionGroup section */
	};
	rootObject = 5B44BDA61F0B083500303D64 /* Project object */;
}
